
Microsoft Visual Studio Solution File, Format Version 11.00
# Visual Studio 2010
Project("{FAE04EC0-301F-11D3-BF4B-00C04F79EFBC}") = "Unity_ChatSystem", "Assembly-CSharp.csproj", "{1325E462-934E-6DAC-0B27-A8E7448ABCD8}"
EndProject
Project("{FAE04EC0-301F-11D3-BF4B-00C04F79EFBC}") = "Unity_ChatSystem", "Assembly-CSharp-Editor.csproj", "{1B03521D-F31C-3173-3A8E-EA7C843D1E13}"
EndProject
Global
	GlobalSection(SolutionConfigurationPlatforms) = preSolution
		Debug|Any CPU = Debug|Any CPU
		Release|Any CPU = Release|Any CPU
	EndGlobalSection
	GlobalSection(ProjectConfigurationPlatforms) = postSolution
		{1325E462-934E-6DAC-0B27-A8E7448ABCD8}.Debug|Any CPU.ActiveCfg = Debug|Any CPU
		{1325E462-934E-6DAC-0B27-A8E7448ABCD8}.Debug|Any CPU.Build.0 = Debug|Any CPU
		{1325E462-934E-6DAC-0B27-A8E7448ABCD8}.Release|Any CPU.ActiveCfg = Release|Any CPU
		{1325E462-934E-6DAC-0B27-A8E7448ABCD8}.Release|Any CPU.Build.0 = Release|Any CPU
		{1B03521D-F31C-3173-3A8E-EA7C843D1E13}.Debug|Any CPU.ActiveCfg = Debug|Any CPU
		{1B03521D-F31C-3173-3A8E-EA7C843D1E13}.Debug|Any CPU.Build.0 = Debug|Any CPU
		{1B03521D-F31C-3173-3A8E-EA7C843D1E13}.Release|Any CPU.ActiveCfg = Release|Any CPU
		{1B03521D-F31C-3173-3A8E-EA7C843D1E13}.Release|Any CPU.Build.0 = Release|Any CPU
	EndGlobalSection
	GlobalSection(SolutionProperties) = preSolution
		HideSolutionNode = FALSE
	EndGlobalSection
	GlobalSection(MonoDevelopProperties) = preSolution
		StartupItem = Assembly-CSharp.csproj
	EndGlobalSection
EndGlobal
